
Microsoft Visual Studio Solution File, Format Version 12.00
# Visual Studio Version 16
VisualStudioVersion = 16.0.29806.167
MinimumVisualStudioVersion = 10.0.40219.1
Project("{9A19103F-16F7-4668-BE54-9A1E7A4F7556}") = "Pbrt", "Pbrt\Pbrt.csproj", "{2269FF7E-6169-4DED-9F2F-A2A6FA69AC3C}"
EndProject
Project("{FAE04EC0-301F-11D3-BF4B-00C04F79EFBC}") = "Pbrt.Tests", "..\tests\PbrtTests\Pbrt.Tests.csproj", "{F1EEC277-01CD-4BBE-B0A0-2882FC5F72DB}"
EndProject
Global
	GlobalSection(SolutionConfigurationPlatforms) = preSolution
		Debug|Any CPU = Debug|Any CPU
		Release|Any CPU = Release|Any CPU
	EndGlobalSection
	GlobalSection(ProjectConfigurationPlatforms) = postSolution
		{2269FF7E-6169-4DED-9F2F-A2A6FA69AC3C}.Debug|Any CPU.ActiveCfg = Debug|Any CPU
		{2269FF7E-6169-4DED-9F2F-A2A6FA69AC3C}.Debug|Any CPU.Build.0 = Debug|Any CPU
		{2269FF7E-6169-4DED-9F2F-A2A6FA69AC3C}.Release|Any CPU.ActiveCfg = Release|Any CPU
		{2269FF7E-6169-4DED-9F2F-A2A6FA69AC3C}.Release|Any CPU.Build.0 = Release|Any CPU
		{F1EEC277-01CD-4BBE-B0A0-2882FC5F72DB}.Debug|Any CPU.ActiveCfg = Debug|Any CPU
		{F1EEC277-01CD-4BBE-B0A0-2882FC5F72DB}.Debug|Any CPU.Build.0 = Debug|Any CPU
		{F1EEC277-01CD-4BBE-B0A0-2882FC5F72DB}.Release|Any CPU.ActiveCfg = Release|Any CPU
		{F1EEC277-01CD-4BBE-B0A0-2882FC5F72DB}.Release|Any CPU.Build.0 = Release|Any CPU
	EndGlobalSection
	GlobalSection(SolutionProperties) = preSolution
		HideSolutionNode = FALSE
	EndGlobalSection
	GlobalSection(ExtensibilityGlobals) = postSolution
		SolutionGuid = {16F32E94-E7BC-47DE-A1B5-D467011E6044}
	EndGlobalSection
EndGlobal
